
Microsoft Visual Studio Solution File, Format Version 12.00
# Visual Studio Version 16
VisualStudioVersion = 16.0.31605.320
MinimumVisualStudioVersion = 10.0.40219.1
Project("{FAE04EC0-301F-11D3-BF4B-00C04F79EFBC}") = "GeneralStore", "GeneralStore\GeneralStore.csproj", "{8723FC50-C2F6-4044-AD9B-D3B193F6ED73}"
EndProject
Global
	GlobalSection(SolutionConfigurationPlatforms) = preSolution
		Debug|Any CPU = Debug|Any CPU
		Release|Any CPU = Release|Any CPU
	EndGlobalSection
	GlobalSection(ProjectConfigurationPlatforms) = postSolution
		{8723FC50-C2F6-4044-AD9B-D3B193F6ED73}.Debug|Any CPU.ActiveCfg = Debug|Any CPU
		{8723FC50-C2F6-4044-AD9B-D3B193F6ED73}.Debug|Any CPU.Build.0 = Debug|Any CPU
		{8723FC50-C2F6-4044-AD9B-D3B193F6ED73}.Release|Any CPU.ActiveCfg = Release|Any CPU
		{8723FC50-C2F6-4044-AD9B-D3B193F6ED73}.Release|Any CPU.Build.0 = Release|Any CPU
	EndGlobalSection
	GlobalSection(SolutionProperties) = preSolution
		HideSolutionNode = FALSE
	EndGlobalSection
	GlobalSection(ExtensibilityGlobals) = postSolution
		SolutionGuid = {E41F994B-1D08-4C04-90C5-962C04827430}
	EndGlobalSection
EndGlobal
